// !$*UTF8*$!
{
	archiveVersion = 1;
	classes = {
	};
	objectVersion = 51;
	objects = {

/* Begin PBXBuildFile section */
		1B10241723A502BC00DA9F91 /* SelectParticipantTableViewController.swift in Sources */ = {isa = PBXBuildFile; fileRef = 1B10241623A502BC00DA9F91 /* SelectParticipantTableViewController.swift */; };
		1B10241A23A5081700DA9F91 /* SelectParticipantCell.swift in Sources */ = {isa = PBXBuildFile; fileRef = 1B10241823A5081700DA9F91 /* SelectParticipantCell.swift */; };
		1B10241B23A5081700DA9F91 /* SelectParticipantCell.xib in Resources */ = {isa = PBXBuildFile; fileRef = 1B10241923A5081700DA9F91 /* SelectParticipantCell.xib */; };
		1B10241E23A5261200DA9F91 /* AddButtonCell.swift in Sources */ = {isa = PBXBuildFile; fileRef = 1B10241C23A5261200DA9F91 /* AddButtonCell.swift */; };
		1B10241F23A5261200DA9F91 /* AddButtonCell.xib in Resources */ = {isa = PBXBuildFile; fileRef = 1B10241D23A5261200DA9F91 /* AddButtonCell.xib */; };
		1B15771423A3FDE40046F0A8 /* EntryController.swift in Sources */ = {isa = PBXBuildFile; fileRef = 1B15771323A3FDE40046F0A8 /* EntryController.swift */; };
		1B26A50323A796F000541F68 /* ProtocolTableViewCell.swift in Sources */ = {isa = PBXBuildFile; fileRef = 1B26A50123A796F000541F68 /* ProtocolTableViewCell.swift */; };
		1B26A50423A796F000541F68 /* ProtocolTableViewCell.xib in Resources */ = {isa = PBXBuildFile; fileRef = 1B26A50223A796F000541F68 /* ProtocolTableViewCell.xib */; };
		1B26A50623A90B1800541F68 /* ProtocolSettingsTableViewController.swift in Sources */ = {isa = PBXBuildFile; fileRef = 1B26A50523A90B1800541F68 /* ProtocolSettingsTableViewController.swift */; };
		1B26A50923A9157100541F68 /* ProtocolSettingsTableViewCell.swift in Sources */ = {isa = PBXBuildFile; fileRef = 1B26A50723A9157100541F68 /* ProtocolSettingsTableViewCell.swift */; };
		1B26A50A23A9157100541F68 /* ProtocolSettingsTableViewCell.xib in Resources */ = {isa = PBXBuildFile; fileRef = 1B26A50823A9157100541F68 /* ProtocolSettingsTableViewCell.xib */; };
		1B26A50F23A98D5A00541F68 /* PDFPreviewTableViewController.swift in Sources */ = {isa = PBXBuildFile; fileRef = 1B26A50E23A98D5A00541F68 /* PDFPreviewTableViewController.swift */; };
		1B26A51223AABE4200541F68 /* PhoneContacts.swift in Sources */ = {isa = PBXBuildFile; fileRef = 1B26A51123AABE4200541F68 /* PhoneContacts.swift */; };
		1B26A51423AACBBF00541F68 /* ImportContactsTableViewController.swift in Sources */ = {isa = PBXBuildFile; fileRef = 1B26A51323AACBBF00541F68 /* ImportContactsTableViewController.swift */; };
		1B26A51623AAE2C900541F68 /* EditParticipantTableViewController.swift in Sources */ = {isa = PBXBuildFile; fileRef = 1B26A51523AAE2C900541F68 /* EditParticipantTableViewController.swift */; };
		1B26A51823ABB97C00541F68 /* HeaderImageChangeTableViewController.swift in Sources */ = {isa = PBXBuildFile; fileRef = 1B26A51723ABB97C00541F68 /* HeaderImageChangeTableViewController.swift */; };
		1B26A51B23ABBDB800541F68 /* HeaderImageTableViewCell.swift in Sources */ = {isa = PBXBuildFile; fileRef = 1B26A51923ABBDB800541F68 /* HeaderImageTableViewCell.swift */; };
		1B26A51C23ABBDB800541F68 /* HeaderImageTableViewCell.xib in Resources */ = {isa = PBXBuildFile; fileRef = 1B26A51A23ABBDB800541F68 /* HeaderImageTableViewCell.xib */; };
		1B2D14C7239FC71600F2DF48 /* AppDelegate.swift in Sources */ = {isa = PBXBuildFile; fileRef = 1B2D14C6239FC71600F2DF48 /* AppDelegate.swift */; };
		1B2D14C9239FC71600F2DF48 /* SceneDelegate.swift in Sources */ = {isa = PBXBuildFile; fileRef = 1B2D14C8239FC71600F2DF48 /* SceneDelegate.swift */; };
		1B2D14CB239FC71600F2DF48 /* ViewController.swift in Sources */ = {isa = PBXBuildFile; fileRef = 1B2D14CA239FC71600F2DF48 /* ViewController.swift */; };
		1B2D14CE239FC71600F2DF48 /* Main.storyboard in Resources */ = {isa = PBXBuildFile; fileRef = 1B2D14CC239FC71600F2DF48 /* Main.storyboard */; };
		1B2D14D0239FC71700F2DF48 /* Assets.xcassets in Resources */ = {isa = PBXBuildFile; fileRef = 1B2D14CF239FC71700F2DF48 /* Assets.xcassets */; };
		1B2D14D3239FC71700F2DF48 /* LaunchScreen.storyboard in Resources */ = {isa = PBXBuildFile; fileRef = 1B2D14D1239FC71700F2DF48 /* LaunchScreen.storyboard */; };
		1B2D14DE239FC96E00F2DF48 /* Participant.swift in Sources */ = {isa = PBXBuildFile; fileRef = 1B2D14DD239FC96E00F2DF48 /* Participant.swift */; };
		1B2D14E1239FCB5600F2DF48 /* Entry.swift in Sources */ = {isa = PBXBuildFile; fileRef = 1B2D14E0239FCB5600F2DF48 /* Entry.swift */; };
		1B2D14E4239FCF9600F2DF48 /* Protocol.swift in Sources */ = {isa = PBXBuildFile; fileRef = 1B2D14E3239FCF9600F2DF48 /* Protocol.swift */; };
		1B2D14E6239FD18400F2DF48 /* Company.swift in Sources */ = {isa = PBXBuildFile; fileRef = 1B2D14E5239FD18400F2DF48 /* Company.swift */; };
		1B2D14E8239FD20300F2DF48 /* CostLocation.swift in Sources */ = {isa = PBXBuildFile; fileRef = 1B2D14E7239FD20300F2DF48 /* CostLocation.swift */; };
		1B2D14EA239FD2F900F2DF48 /* Project.swift in Sources */ = {isa = PBXBuildFile; fileRef = 1B2D14E9239FD2F900F2DF48 /* Project.swift */; };
		1B2D14EC239FD33700F2DF48 /* Topic.swift in Sources */ = {isa = PBXBuildFile; fileRef = 1B2D14EB239FD33700F2DF48 /* Topic.swift */; };
		1B2D14EE239FDF0900F2DF48 /* MenuController.swift in Sources */ = {isa = PBXBuildFile; fileRef = 1B2D14ED239FDF0900F2DF48 /* MenuController.swift */; };
		1B2D14F0239FDF2B00F2DF48 /* HomeTableViewController.swift in Sources */ = {isa = PBXBuildFile; fileRef = 1B2D14EF239FDF2B00F2DF48 /* HomeTableViewController.swift */; };
		1B2D14F2239FE7DB00F2DF48 /* AddParticipantTableViewController.swift in Sources */ = {isa = PBXBuildFile; fileRef = 1B2D14F1239FE7DB00F2DF48 /* AddParticipantTableViewController.swift */; };
		1B2D14F5239FEEB800F2DF48 /* LabelTextBoxCell.swift in Sources */ = {isa = PBXBuildFile; fileRef = 1B2D14F3239FEEB800F2DF48 /* LabelTextBoxCell.swift */; };
		1B2D14F6239FEEB800F2DF48 /* LabelTextBoxCell.xib in Resources */ = {isa = PBXBuildFile; fileRef = 1B2D14F4239FEEB800F2DF48 /* LabelTextBoxCell.xib */; };
		1B2D14F9239FF0C800F2DF48 /* LanguageFactory.swift in Sources */ = {isa = PBXBuildFile; fileRef = 1B2D14F8239FF0C800F2DF48 /* LanguageFactory.swift */; };
		1B2D14FB239FF0FC00F2DF48 /* Localization.swift in Sources */ = {isa = PBXBuildFile; fileRef = 1B2D14FA239FF0FC00F2DF48 /* Localization.swift */; };
		1B2D14FD239FF12600F2DF48 /* DE.swift in Sources */ = {isa = PBXBuildFile; fileRef = 1B2D14FC239FF12600F2DF48 /* DE.swift */; };
		1B2D14FF239FF48700F2DF48 /* ParticipantRows.swift in Sources */ = {isa = PBXBuildFile; fileRef = 1B2D14FE239FF48700F2DF48 /* ParticipantRows.swift */; };
		1B2D150223A004E800F2DF48 /* ButtonCell.swift in Sources */ = {isa = PBXBuildFile; fileRef = 1B2D150023A004E800F2DF48 /* ButtonCell.swift */; };
		1B2D150323A004E800F2DF48 /* ButtonCell.xib in Resources */ = {isa = PBXBuildFile; fileRef = 1B2D150123A004E800F2DF48 /* ButtonCell.xib */; };
		1B2D150623A00BED00F2DF48 /* StringPickerCell.swift in Sources */ = {isa = PBXBuildFile; fileRef = 1B2D150423A00BED00F2DF48 /* StringPickerCell.swift */; };
		1B2D150723A00BED00F2DF48 /* StringPickerCell.xib in Resources */ = {isa = PBXBuildFile; fileRef = 1B2D150523A00BED00F2DF48 /* StringPickerCell.xib */; };
		1BA6067B23B4F9220039EB95 /* GlobalSettings.swift in Sources */ = {isa = PBXBuildFile; fileRef = 1BA6067A23B4F9220039EB95 /* GlobalSettings.swift */; };
		1BA6067E23B4FA430039EB95 /* SwitchTableViewCell.swift in Sources */ = {isa = PBXBuildFile; fileRef = 1BA6067C23B4FA430039EB95 /* SwitchTableViewCell.swift */; };
		1BA6067F23B4FA430039EB95 /* SwitchTableViewCell.xib in Resources */ = {isa = PBXBuildFile; fileRef = 1BA6067D23B4FA430039EB95 /* SwitchTableViewCell.xib */; };
		1BA6068123B4FA550039EB95 /* GlobalSettingsTableViewController.swift in Sources */ = {isa = PBXBuildFile; fileRef = 1BA6068023B4FA550039EB95 /* GlobalSettingsTableViewController.swift */; };
		1BB50E1D23A3F5BB00326E39 /* EntryTableViewCell.swift in Sources */ = {isa = PBXBuildFile; fileRef = 1BB50E1B23A3F5BB00326E39 /* EntryTableViewCell.swift */; };
		1BB50E1E23A3F5BB00326E39 /* EntryTableViewCell.xib in Resources */ = {isa = PBXBuildFile; fileRef = 1BB50E1C23A3F5BB00326E39 /* EntryTableViewCell.xib */; };
		428E9151D7C735A4BA7105FD /* Pods_com_elbeily_protocol.framework in Frameworks */ = {isa = PBXBuildFile; fileRef = 23452BE635CC7D27EFC691A4 /* Pods_com_elbeily_protocol.framework */; };
/* End PBXBuildFile section */

/* Begin PBXFileReference section */
		1B10241623A502BC00DA9F91 /* SelectParticipantTableViewController.swift */ = {isa = PBXFileReference; lastKnownFileType = sourcecode.swift; path = SelectParticipantTableViewController.swift; sourceTree = "<group>"; };
		1B10241823A5081700DA9F91 /* SelectParticipantCell.swift */ = {isa = PBXFileReference; lastKnownFileType = sourcecode.swift; path = SelectParticipantCell.swift; sourceTree = "<group>"; };
		1B10241923A5081700DA9F91 /* SelectParticipantCell.xib */ = {isa = PBXFileReference; lastKnownFileType = file.xib; path = SelectParticipantCell.xib; sourceTree = "<group>"; };
		1B10241C23A5261200DA9F91 /* AddButtonCell.swift */ = {isa = PBXFileReference; lastKnownFileType = sourcecode.swift; path = AddButtonCell.swift; sourceTree = "<group>"; };
		1B10241D23A5261200DA9F91 /* AddButtonCell.xib */ = {isa = PBXFileReference; lastKnownFileType = file.xib; path = AddButtonCell.xib; sourceTree = "<group>"; };
		1B15771323A3FDE40046F0A8 /* EntryController.swift */ = {isa = PBXFileReference; lastKnownFileType = sourcecode.swift; path = EntryController.swift; sourceTree = "<group>"; };
		1B26A50123A796F000541F68 /* ProtocolTableViewCell.swift */ = {isa = PBXFileReference; lastKnownFileType = sourcecode.swift; path = ProtocolTableViewCell.swift; sourceTree = "<group>"; };
		1B26A50223A796F000541F68 /* ProtocolTableViewCell.xib */ = {isa = PBXFileReference; lastKnownFileType = file.xib; path = ProtocolTableViewCell.xib; sourceTree = "<group>"; };
		1B26A50523A90B1800541F68 /* ProtocolSettingsTableViewController.swift */ = {isa = PBXFileReference; lastKnownFileType = sourcecode.swift; path = ProtocolSettingsTableViewController.swift; sourceTree = "<group>"; };
		1B26A50723A9157100541F68 /* ProtocolSettingsTableViewCell.swift */ = {isa = PBXFileReference; lastKnownFileType = sourcecode.swift; path = ProtocolSettingsTableViewCell.swift; sourceTree = "<group>"; };
		1B26A50823A9157100541F68 /* ProtocolSettingsTableViewCell.xib */ = {isa = PBXFileReference; lastKnownFileType = file.xib; path = ProtocolSettingsTableViewCell.xib; sourceTree = "<group>"; };
		1B26A50E23A98D5A00541F68 /* PDFPreviewTableViewController.swift */ = {isa = PBXFileReference; lastKnownFileType = sourcecode.swift; path = PDFPreviewTableViewController.swift; sourceTree = "<group>"; };
		1B26A51123AABE4200541F68 /* PhoneContacts.swift */ = {isa = PBXFileReference; lastKnownFileType = sourcecode.swift; path = PhoneContacts.swift; sourceTree = "<group>"; };
		1B26A51323AACBBF00541F68 /* ImportContactsTableViewController.swift */ = {isa = PBXFileReference; lastKnownFileType = sourcecode.swift; path = ImportContactsTableViewController.swift; sourceTree = "<group>"; };
		1B26A51523AAE2C900541F68 /* EditParticipantTableViewController.swift */ = {isa = PBXFileReference; lastKnownFileType = sourcecode.swift; path = EditParticipantTableViewController.swift; sourceTree = "<group>"; };
		1B26A51723ABB97C00541F68 /* HeaderImageChangeTableViewController.swift */ = {isa = PBXFileReference; lastKnownFileType = sourcecode.swift; path = HeaderImageChangeTableViewController.swift; sourceTree = "<group>"; };
		1B26A51923ABBDB800541F68 /* HeaderImageTableViewCell.swift */ = {isa = PBXFileReference; lastKnownFileType = sourcecode.swift; path = HeaderImageTableViewCell.swift; sourceTree = "<group>"; };
		1B26A51A23ABBDB800541F68 /* HeaderImageTableViewCell.xib */ = {isa = PBXFileReference; lastKnownFileType = file.xib; path = HeaderImageTableViewCell.xib; sourceTree = "<group>"; };
		1B2D14C3239FC71600F2DF48 /* Protokoll Ersteller.app */ = {isa = PBXFileReference; explicitFileType = wrapper.application; includeInIndex = 0; path = "Protokoll Ersteller.app"; sourceTree = BUILT_PRODUCTS_DIR; };
		1B2D14C6239FC71600F2DF48 /* AppDelegate.swift */ = {isa = PBXFileReference; lastKnownFileType = sourcecode.swift; path = AppDelegate.swift; sourceTree = "<group>"; };
		1B2D14C8239FC71600F2DF48 /* SceneDelegate.swift */ = {isa = PBXFileReference; lastKnownFileType = sourcecode.swift; path = SceneDelegate.swift; sourceTree = "<group>"; };
		1B2D14CA239FC71600F2DF48 /* ViewController.swift */ = {isa = PBXFileReference; lastKnownFileType = sourcecode.swift; path = ViewController.swift; sourceTree = "<group>"; };
		1B2D14CD239FC71600F2DF48 /* Base */ = {isa = PBXFileReference; lastKnownFileType = file.storyboard; name = Base; path = Base.lproj/Main.storyboard; sourceTree = "<group>"; };
		1B2D14CF239FC71700F2DF48 /* Assets.xcassets */ = {isa = PBXFileReference; lastKnownFileType = folder.assetcatalog; path = Assets.xcassets; sourceTree = "<group>"; };
		1B2D14D2239FC71700F2DF48 /* Base */ = {isa = PBXFileReference; lastKnownFileType = file.storyboard; name = Base; path = Base.lproj/LaunchScreen.storyboard; sourceTree = "<group>"; };
		1B2D14D4239FC71700F2DF48 /* Info.plist */ = {isa = PBXFileReference; lastKnownFileType = text.plist.xml; path = Info.plist; sourceTree = "<group>"; };
		1B2D14DD239FC96E00F2DF48 /* Participant.swift */ = {isa = PBXFileReference; lastKnownFileType = sourcecode.swift; path = Participant.swift; sourceTree = "<group>"; };
		1B2D14E0239FCB5600F2DF48 /* Entry.swift */ = {isa = PBXFileReference; lastKnownFileType = sourcecode.swift; path = Entry.swift; sourceTree = "<group>"; };
		1B2D14E3239FCF9600F2DF48 /* Protocol.swift */ = {isa = PBXFileReference; lastKnownFileType = sourcecode.swift; path = Protocol.swift; sourceTree = "<group>"; };
		1B2D14E5239FD18400F2DF48 /* Company.swift */ = {isa = PBXFileReference; lastKnownFileType = sourcecode.swift; path = Company.swift; sourceTree = "<group>"; };
		1B2D14E7239FD20300F2DF48 /* CostLocation.swift */ = {isa = PBXFileReference; lastKnownFileType = sourcecode.swift; path = CostLocation.swift; sourceTree = "<group>"; };
		1B2D14E9239FD2F900F2DF48 /* Project.swift */ = {isa = PBXFileReference; lastKnownFileType = sourcecode.swift; path = Project.swift; sourceTree = "<group>"; };
		1B2D14EB239FD33700F2DF48 /* Topic.swift */ = {isa = PBXFileReference; lastKnownFileType = sourcecode.swift; path = Topic.swift; sourceTree = "<group>"; };
		1B2D14ED239FDF0900F2DF48 /* MenuController.swift */ = {isa = PBXFileReference; lastKnownFileType = sourcecode.swift; path = MenuController.swift; sourceTree = "<group>"; };
		1B2D14EF239FDF2B00F2DF48 /* HomeTableViewController.swift */ = {isa = PBXFileReference; lastKnownFileType = sourcecode.swift; path = HomeTableViewController.swift; sourceTree = "<group>"; };
		1B2D14F1239FE7DB00F2DF48 /* AddParticipantTableViewController.swift */ = {isa = PBXFileReference; lastKnownFileType = sourcecode.swift; path = AddParticipantTableViewController.swift; sourceTree = "<group>"; };
		1B2D14F3239FEEB800F2DF48 /* LabelTextBoxCell.swift */ = {isa = PBXFileReference; lastKnownFileType = sourcecode.swift; path = LabelTextBoxCell.swift; sourceTree = "<group>"; };
		1B2D14F4239FEEB800F2DF48 /* LabelTextBoxCell.xib */ = {isa = PBXFileReference; lastKnownFileType = file.xib; path = LabelTextBoxCell.xib; sourceTree = "<group>"; };
		1B2D14F8239FF0C800F2DF48 /* LanguageFactory.swift */ = {isa = PBXFileReference; lastKnownFileType = sourcecode.swift; path = LanguageFactory.swift; sourceTree = "<group>"; };
		1B2D14FA239FF0FC00F2DF48 /* Localization.swift */ = {isa = PBXFileReference; lastKnownFileType = sourcecode.swift; path = Localization.swift; sourceTree = "<group>"; };
		1B2D14FC239FF12600F2DF48 /* DE.swift */ = {isa = PBXFileReference; lastKnownFileType = sourcecode.swift; path = DE.swift; sourceTree = "<group>"; };
		1B2D14FE239FF48700F2DF48 /* ParticipantRows.swift */ = {isa = PBXFileReference; lastKnownFileType = sourcecode.swift; path = ParticipantRows.swift; sourceTree = "<group>"; };
		1B2D150023A004E800F2DF48 /* ButtonCell.swift */ = {isa = PBXFileReference; lastKnownFileType = sourcecode.swift; path = ButtonCell.swift; sourceTree = "<group>"; };
		1B2D150123A004E800F2DF48 /* ButtonCell.xib */ = {isa = PBXFileReference; lastKnownFileType = file.xib; path = ButtonCell.xib; sourceTree = "<group>"; };
		1B2D150423A00BED00F2DF48 /* StringPickerCell.swift */ = {isa = PBXFileReference; lastKnownFileType = sourcecode.swift; path = StringPickerCell.swift; sourceTree = "<group>"; };
		1B2D150523A00BED00F2DF48 /* StringPickerCell.xib */ = {isa = PBXFileReference; lastKnownFileType = file.xib; path = StringPickerCell.xib; sourceTree = "<group>"; };
		1BA6067A23B4F9220039EB95 /* GlobalSettings.swift */ = {isa = PBXFileReference; lastKnownFileType = sourcecode.swift; path = GlobalSettings.swift; sourceTree = "<group>"; };
		1BA6067C23B4FA430039EB95 /* SwitchTableViewCell.swift */ = {isa = PBXFileReference; lastKnownFileType = sourcecode.swift; path = SwitchTableViewCell.swift; sourceTree = "<group>"; };
		1BA6067D23B4FA430039EB95 /* SwitchTableViewCell.xib */ = {isa = PBXFileReference; lastKnownFileType = file.xib; path = SwitchTableViewCell.xib; sourceTree = "<group>"; };
		1BA6068023B4FA550039EB95 /* GlobalSettingsTableViewController.swift */ = {isa = PBXFileReference; lastKnownFileType = sourcecode.swift; path = GlobalSettingsTableViewController.swift; sourceTree = "<group>"; };
		1BB50E1B23A3F5BB00326E39 /* EntryTableViewCell.swift */ = {isa = PBXFileReference; lastKnownFileType = sourcecode.swift; path = EntryTableViewCell.swift; sourceTree = "<group>"; };
		1BB50E1C23A3F5BB00326E39 /* EntryTableViewCell.xib */ = {isa = PBXFileReference; lastKnownFileType = file.xib; path = EntryTableViewCell.xib; sourceTree = "<group>"; };
		23452BE635CC7D27EFC691A4 /* Pods_com_elbeily_protocol.framework */ = {isa = PBXFileReference; explicitFileType = wrapper.framework; includeInIndex = 0; path = Pods_com_elbeily_protocol.framework; sourceTree = BUILT_PRODUCTS_DIR; };
		43ED4932904815A88A968015 /* Pods-com.elbeily.protocol.release.xcconfig */ = {isa = PBXFileReference; includeInIndex = 1; lastKnownFileType = text.xcconfig; name = "Pods-com.elbeily.protocol.release.xcconfig"; path = "Target Support Files/Pods-com.elbeily.protocol/Pods-com.elbeily.protocol.release.xcconfig"; sourceTree = "<group>"; };
		79A20A04119CE452D142E575 /* Pods-com.elbeily.protocol.debug.xcconfig */ = {isa = PBXFileReference; includeInIndex = 1; lastKnownFileType = text.xcconfig; name = "Pods-com.elbeily.protocol.debug.xcconfig"; path = "Target Support Files/Pods-com.elbeily.protocol/Pods-com.elbeily.protocol.debug.xcconfig"; sourceTree = "<group>"; };
/* End PBXFileReference section */

/* Begin PBXFrameworksBuildPhase section */
		1B2D14C0239FC71600F2DF48 /* Frameworks */ = {
			isa = PBXFrameworksBuildPhase;
			buildActionMask = 2147483647;
			files = (
				428E9151D7C735A4BA7105FD /* Pods_com_elbeily_protocol.framework in Frameworks */,
			);
			runOnlyForDeploymentPostprocessing = 0;
		};
/* End PBXFrameworksBuildPhase section */

/* Begin PBXGroup section */
		1B26A51023AABE2A00541F68 /* Contacts */ = {
			isa = PBXGroup;
			children = (
				1B26A51123AABE4200541F68 /* PhoneContacts.swift */,
			);
			path = Contacts;
			sourceTree = "<group>";
		};
		1B2D14BA239FC71600F2DF48 = {
			isa = PBXGroup;
			children = (
				1B2D14C5239FC71600F2DF48 /* com.elbeily.protocol */,
				1B2D14C4239FC71600F2DF48 /* Products */,
				9FC6E38B9D5DED20AD5E732C /* Pods */,
				C990680A603B5C67BE575161 /* Frameworks */,
			);
			sourceTree = "<group>";
		};
		1B2D14C4239FC71600F2DF48 /* Products */ = {
			isa = PBXGroup;
			children = (
				1B2D14C3239FC71600F2DF48 /* Protokoll Ersteller.app */,
			);
			name = Products;
			sourceTree = "<group>";
		};
		1B2D14C5239FC71600F2DF48 /* com.elbeily.protocol */ = {
			isa = PBXGroup;
			children = (
				1B2D14F7239FF09600F2DF48 /* Locale */,
				1B2D14DC239FC73C00F2DF48 /* Controller */,
				1B2D14DB239FC73800F2DF48 /* Model */,
				1B2D14DA239FC72500F2DF48 /* View */,
				1B2D14C6239FC71600F2DF48 /* AppDelegate.swift */,
				1B2D14C8239FC71600F2DF48 /* SceneDelegate.swift */,
				1B2D14CA239FC71600F2DF48 /* ViewController.swift */,
				1B2D14D4239FC71700F2DF48 /* Info.plist */,
			);
			path = com.elbeily.protocol;
			sourceTree = "<group>";
		};
		1B2D14DA239FC72500F2DF48 /* View */ = {
			isa = PBXGroup;
			children = (
				1B2D14E2239FCF6000F2DF48 /* Custom Cells */,
				1B2D14CF239FC71700F2DF48 /* Assets.xcassets */,
				1B2D14CC239FC71600F2DF48 /* Main.storyboard */,
				1B2D14D1239FC71700F2DF48 /* LaunchScreen.storyboard */,
			);
			path = View;
			sourceTree = "<group>";
		};
		1B2D14DB239FC73800F2DF48 /* Model */ = {
			isa = PBXGroup;
			children = (
				1B26A51023AABE2A00541F68 /* Contacts */,
				1B2D14DF239FC9F900F2DF48 /* Standards */,
				1B2D14DD239FC96E00F2DF48 /* Participant.swift */,
				1B2D14E0239FCB5600F2DF48 /* Entry.swift */,
				1B2D14E3239FCF9600F2DF48 /* Protocol.swift */,
				1B2D14E5239FD18400F2DF48 /* Company.swift */,
				1B2D14E7239FD20300F2DF48 /* CostLocation.swift */,
				1B2D14E9239FD2F900F2DF48 /* Project.swift */,
				1B2D14EB239FD33700F2DF48 /* Topic.swift */,
				1BA6067A23B4F9220039EB95 /* GlobalSettings.swift */,
			);
			path = Model;
			sourceTree = "<group>";
		};
		1B2D14DC239FC73C00F2DF48 /* Controller */ = {
			isa = PBXGroup;
			children = (
				1B2D14ED239FDF0900F2DF48 /* MenuController.swift */,
				1B2D14EF239FDF2B00F2DF48 /* HomeTableViewController.swift */,
				1B2D14F1239FE7DB00F2DF48 /* AddParticipantTableViewController.swift */,
				1B15771323A3FDE40046F0A8 /* EntryController.swift */,
				1B10241623A502BC00DA9F91 /* SelectParticipantTableViewController.swift */,
				1B26A50523A90B1800541F68 /* ProtocolSettingsTableViewController.swift */,
				1B26A50E23A98D5A00541F68 /* PDFPreviewTableViewController.swift */,
				1B26A51323AACBBF00541F68 /* ImportContactsTableViewController.swift */,
				1B26A51523AAE2C900541F68 /* EditParticipantTableViewController.swift */,
				1B26A51723ABB97C00541F68 /* HeaderImageChangeTableViewController.swift */,
				1BA6068023B4FA550039EB95 /* GlobalSettingsTableViewController.swift */,
			);
			path = Controller;
			sourceTree = "<group>";
		};
		1B2D14DF239FC9F900F2DF48 /* Standards */ = {
			isa = PBXGroup;
			children = (
				1B2D14FE239FF48700F2DF48 /* ParticipantRows.swift */,
			);
			path = Standards;
			sourceTree = "<group>";
		};
		1B2D14E2239FCF6000F2DF48 /* Custom Cells */ = {
			isa = PBXGroup;
			children = (
				1B2D14F3239FEEB800F2DF48 /* LabelTextBoxCell.swift */,
				1B2D14F4239FEEB800F2DF48 /* LabelTextBoxCell.xib */,
				1B2D150023A004E800F2DF48 /* ButtonCell.swift */,
				1B2D150123A004E800F2DF48 /* ButtonCell.xib */,
				1B2D150423A00BED00F2DF48 /* StringPickerCell.swift */,
				1B2D150523A00BED00F2DF48 /* StringPickerCell.xib */,
				1BB50E1B23A3F5BB00326E39 /* EntryTableViewCell.swift */,
				1BB50E1C23A3F5BB00326E39 /* EntryTableViewCell.xib */,
				1B10241823A5081700DA9F91 /* SelectParticipantCell.swift */,
				1B10241923A5081700DA9F91 /* SelectParticipantCell.xib */,
				1B10241C23A5261200DA9F91 /* AddButtonCell.swift */,
				1B10241D23A5261200DA9F91 /* AddButtonCell.xib */,
				1B26A50123A796F000541F68 /* ProtocolTableViewCell.swift */,
				1B26A50223A796F000541F68 /* ProtocolTableViewCell.xib */,
				1B26A50723A9157100541F68 /* ProtocolSettingsTableViewCell.swift */,
				1B26A50823A9157100541F68 /* ProtocolSettingsTableViewCell.xib */,
				1B26A51923ABBDB800541F68 /* HeaderImageTableViewCell.swift */,
				1B26A51A23ABBDB800541F68 /* HeaderImageTableViewCell.xib */,
				1BA6067C23B4FA430039EB95 /* SwitchTableViewCell.swift */,
				1BA6067D23B4FA430039EB95 /* SwitchTableViewCell.xib */,
			);
			path = "Custom Cells";
			sourceTree = "<group>";
		};
		1B2D14F7239FF09600F2DF48 /* Locale */ = {
			isa = PBXGroup;
			children = (
				1B2D14F8239FF0C800F2DF48 /* LanguageFactory.swift */,
				1B2D14FA239FF0FC00F2DF48 /* Localization.swift */,
				1B2D14FC239FF12600F2DF48 /* DE.swift */,
			);
			path = Locale;
			sourceTree = "<group>";
		};
		9FC6E38B9D5DED20AD5E732C /* Pods */ = {
			isa = PBXGroup;
			children = (
				79A20A04119CE452D142E575 /* Pods-com.elbeily.protocol.debug.xcconfig */,
				43ED4932904815A88A968015 /* Pods-com.elbeily.protocol.release.xcconfig */,
			);
			path = Pods;
			sourceTree = "<group>";
		};
		C990680A603B5C67BE575161 /* Frameworks */ = {
			isa = PBXGroup;
			children = (
				23452BE635CC7D27EFC691A4 /* Pods_com_elbeily_protocol.framework */,
			);
			name = Frameworks;
			sourceTree = "<group>";
		};
/* End PBXGroup section */

/* Begin PBXNativeTarget section */
		1B2D14C2239FC71600F2DF48 /* com.elbeily.protocol */ = {
			isa = PBXNativeTarget;
			buildConfigurationList = 1B2D14D7239FC71700F2DF48 /* Build configuration list for PBXNativeTarget "com.elbeily.protocol" */;
			buildPhases = (
				0FE2EBF0D0AF9162D98DC460 /* [CP] Check Pods Manifest.lock */,
				1B2D14BF239FC71600F2DF48 /* Sources */,
				1B2D14C0239FC71600F2DF48 /* Frameworks */,
				1B2D14C1239FC71600F2DF48 /* Resources */,
				A92FD702279FF2871BE0691B /* [CP] Embed Pods Frameworks */,
			);
			buildRules = (
			);
			dependencies = (
			);
			name = com.elbeily.protocol;
			productName = com.elbeily.protocol;
			productReference = 1B2D14C3239FC71600F2DF48 /* Protokoll Ersteller.app */;
			productType = "com.apple.product-type.application";
		};
/* End PBXNativeTarget section */

/* Begin PBXProject section */
		1B2D14BB239FC71600F2DF48 /* Project object */ = {
			isa = PBXProject;
			attributes = {
				LastSwiftUpdateCheck = 1120;
				LastUpgradeCheck = 1120;
				ORGANIZATIONNAME = "Tom el Beily";
				TargetAttributes = {
					1B2D14C2239FC71600F2DF48 = {
						CreatedOnToolsVersion = 11.2.1;
					};
				};
			};
			buildConfigurationList = 1B2D14BE239FC71600F2DF48 /* Build configuration list for PBXProject "com.elbeily.protocol" */;
			compatibilityVersion = "Xcode 9.3";
			developmentRegion = en;
			hasScannedForEncodings = 0;
			knownRegions = (
				en,
				Base,
			);
			mainGroup = 1B2D14BA239FC71600F2DF48;
			productRefGroup = 1B2D14C4239FC71600F2DF48 /* Products */;
			projectDirPath = "";
			projectRoot = "";
			targets = (
				1B2D14C2239FC71600F2DF48 /* com.elbeily.protocol */,
			);
		};
/* End PBXProject section */

/* Begin PBXResourcesBuildPhase section */
		1B2D14C1239FC71600F2DF48 /* Resources */ = {
			isa = PBXResourcesBuildPhase;
			buildActionMask = 2147483647;
			files = (
				1B2D14D3239FC71700F2DF48 /* LaunchScreen.storyboard in Resources */,
				1B10241B23A5081700DA9F91 /* SelectParticipantCell.xib in Resources */,
				1B10241F23A5261200DA9F91 /* AddButtonCell.xib in Resources */,
				1B26A50A23A9157100541F68 /* ProtocolSettingsTableViewCell.xib in Resources */,
				1B2D14D0239FC71700F2DF48 /* Assets.xcassets in Resources */,
				1B2D150323A004E800F2DF48 /* ButtonCell.xib in Resources */,
				1B2D14CE239FC71600F2DF48 /* Main.storyboard in Resources */,
				1B2D150723A00BED00F2DF48 /* StringPickerCell.xib in Resources */,
				1B26A51C23ABBDB800541F68 /* HeaderImageTableViewCell.xib in Resources */,
				1B26A50423A796F000541F68 /* ProtocolTableViewCell.xib in Resources */,
				1B2D14F6239FEEB800F2DF48 /* LabelTextBoxCell.xib in Resources */,
				1BB50E1E23A3F5BB00326E39 /* EntryTableViewCell.xib in Resources */,
				1BA6067F23B4FA430039EB95 /* SwitchTableViewCell.xib in Resources */,
			);
			runOnlyForDeploymentPostprocessing = 0;
		};
/* End PBXResourcesBuildPhase section */

/* Begin PBXShellScriptBuildPhase section */
		0FE2EBF0D0AF9162D98DC460 /* [CP] Check Pods Manifest.lock */ = {
			isa = PBXShellScriptBuildPhase;
			buildActionMask = 2147483647;
			files = (
			);
			inputFileListPaths = (
			);
			inputPaths = (
				"${PODS_PODFILE_DIR_PATH}/Podfile.lock",
				"${PODS_ROOT}/Manifest.lock",
			);
			name = "[CP] Check Pods Manifest.lock";
			outputFileListPaths = (
			);
			outputPaths = (
				"$(DERIVED_FILE_DIR)/Pods-com.elbeily.protocol-checkManifestLockResult.txt",
			);
			runOnlyForDeploymentPostprocessing = 0;
			shellPath = /bin/sh;
			shellScript = "diff \"${PODS_PODFILE_DIR_PATH}/Podfile.lock\" \"${PODS_ROOT}/Manifest.lock\" > /dev/null\nif [ $? != 0 ] ; then\n    # print error to STDERR\n    echo \"error: The sandbox is not in sync with the Podfile.lock. Run 'pod install' or update your CocoaPods installation.\" >&2\n    exit 1\nfi\n# This output is used by Xcode 'outputs' to avoid re-running this script phase.\necho \"SUCCESS\" > \"${SCRIPT_OUTPUT_FILE_0}\"\n";
			showEnvVarsInLog = 0;
		};
		A92FD702279FF2871BE0691B /* [CP] Embed Pods Frameworks */ = {
			isa = PBXShellScriptBuildPhase;
			buildActionMask = 2147483647;
			files = (
			);
			inputFileListPaths = (
				"${PODS_ROOT}/Target Support Files/Pods-com.elbeily.protocol/Pods-com.elbeily.protocol-frameworks-${CONFIGURATION}-input-files.xcfilelist",
			);
			name = "[CP] Embed Pods Frameworks";
			outputFileListPaths = (
				"${PODS_ROOT}/Target Support Files/Pods-com.elbeily.protocol/Pods-com.elbeily.protocol-frameworks-${CONFIGURATION}-output-files.xcfilelist",
			);
			runOnlyForDeploymentPostprocessing = 0;
			shellPath = /bin/sh;
			shellScript = "\"${PODS_ROOT}/Target Support Files/Pods-com.elbeily.protocol/Pods-com.elbeily.protocol-frameworks.sh\"\n";
			showEnvVarsInLog = 0;
		};
/* End PBXShellScriptBuildPhase section */

/* Begin PBXSourcesBuildPhase section */
		1B2D14BF239FC71600F2DF48 /* Sources */ = {
			isa = PBXSourcesBuildPhase;
			buildActionMask = 2147483647;
			files = (
				1B2D150223A004E800F2DF48 /* ButtonCell.swift in Sources */,
				1B2D14F0239FDF2B00F2DF48 /* HomeTableViewController.swift in Sources */,
				1B2D14F2239FE7DB00F2DF48 /* AddParticipantTableViewController.swift in Sources */,
				1BA6067B23B4F9220039EB95 /* GlobalSettings.swift in Sources */,
				1B26A50323A796F000541F68 /* ProtocolTableViewCell.swift in Sources */,
				1BA6067E23B4FA430039EB95 /* SwitchTableViewCell.swift in Sources */,
				1BB50E1D23A3F5BB00326E39 /* EntryTableViewCell.swift in Sources */,
				1B2D14FD239FF12600F2DF48 /* DE.swift in Sources */,
				1B2D14E1239FCB5600F2DF48 /* Entry.swift in Sources */,
				1B2D14EC239FD33700F2DF48 /* Topic.swift in Sources */,
				1B2D150623A00BED00F2DF48 /* StringPickerCell.swift in Sources */,
				1B2D14CB239FC71600F2DF48 /* ViewController.swift in Sources */,
				1B2D14C7239FC71600F2DF48 /* AppDelegate.swift in Sources */,
				1B2D14FB239FF0FC00F2DF48 /* Localization.swift in Sources */,
				1B2D14C9239FC71600F2DF48 /* SceneDelegate.swift in Sources */,
				1B26A51823ABB97C00541F68 /* HeaderImageChangeTableViewController.swift in Sources */,
				1B10241723A502BC00DA9F91 /* SelectParticipantTableViewController.swift in Sources */,
				1B26A50623A90B1800541F68 /* ProtocolSettingsTableViewController.swift in Sources */,
				1B26A51623AAE2C900541F68 /* EditParticipantTableViewController.swift in Sources */,
				1B10241A23A5081700DA9F91 /* SelectParticipantCell.swift in Sources */,
				1B26A51423AACBBF00541F68 /* ImportContactsTableViewController.swift in Sources */,
				1B26A50923A9157100541F68 /* ProtocolSettingsTableViewCell.swift in Sources */,
				1B26A51B23ABBDB800541F68 /* HeaderImageTableViewCell.swift in Sources */,
				1B26A51223AABE4200541F68 /* PhoneContacts.swift in Sources */,
				1B15771423A3FDE40046F0A8 /* EntryController.swift in Sources */,
				1B2D14EE239FDF0900F2DF48 /* MenuController.swift in Sources */,
				1B2D14E6239FD18400F2DF48 /* Company.swift in Sources */,
				1B2D14DE239FC96E00F2DF48 /* Participant.swift in Sources */,
				1B26A50F23A98D5A00541F68 /* PDFPreviewTableViewController.swift in Sources */,
				1B2D14E4239FCF9600F2DF48 /* Protocol.swift in Sources */,
				1B2D14E8239FD20300F2DF48 /* CostLocation.swift in Sources */,
				1B10241E23A5261200DA9F91 /* AddButtonCell.swift in Sources */,
				1BA6068123B4FA550039EB95 /* GlobalSettingsTableViewController.swift in Sources */,
				1B2D14FF239FF48700F2DF48 /* ParticipantRows.swift in Sources */,
				1B2D14EA239FD2F900F2DF48 /* Project.swift in Sources */,
				1B2D14F5239FEEB800F2DF48 /* LabelTextBoxCell.swift in Sources */,
				1B2D14F9239FF0C800F2DF48 /* LanguageFactory.swift in Sources */,
			);
			runOnlyForDeploymentPostprocessing = 0;
		};
/* End PBXSourcesBuildPhase section */

/* Begin PBXVariantGroup section */
		1B2D14CC239FC71600F2DF48 /* Main.storyboard */ = {
			isa = PBXVariantGroup;
			children = (
				1B2D14CD239FC71600F2DF48 /* Base */,
			);
			name = Main.storyboard;
			sourceTree = "<group>";
		};
		1B2D14D1239FC71700F2DF48 /* LaunchScreen.storyboard */ = {
			isa = PBXVariantGroup;
			children = (
				1B2D14D2239FC71700F2DF48 /* Base */,
			);
			name = LaunchScreen.storyboard;
			sourceTree = "<group>";
		};
/* End PBXVariantGroup section */

/* Begin XCBuildConfiguration section */
		1B2D14D5239FC71700F2DF48 /* Debug */ = {
			isa = XCBuildConfiguration;
			buildSettings = {
				ALWAYS_SEARCH_USER_PATHS = NO;
				CLANG_ANALYZER_NONNULL = YES;
				CLANG_ANALYZER_NUMBER_OBJECT_CONVERSION = YES_AGGRESSIVE;
				CLANG_CXX_LANGUAGE_STANDARD = "gnu++14";
				CLANG_CXX_LIBRARY = "libc++";
				CLANG_ENABLE_MODULES = YES;
				CLANG_ENABLE_OBJC_ARC = YES;
				CLANG_ENABLE_OBJC_WEAK = YES;
				CLANG_WARN_BLOCK_CAPTURE_AUTORELEASING = YES;
				CLANG_WARN_BOOL_CONVERSION = YES;
				CLANG_WARN_COMMA = YES;
				CLANG_WARN_CONSTANT_CONVERSION = YES;
				CLANG_WARN_DEPRECATED_OBJC_IMPLEMENTATIONS = YES;
				CLANG_WARN_DIRECT_OBJC_ISA_USAGE = YES_ERROR;
				CLANG_WARN_DOCUMENTATION_COMMENTS = YES;
				CLANG_WARN_EMPTY_BODY = YES;
				CLANG_WARN_ENUM_CONVERSION = YES;
				CLANG_WARN_INFINITE_RECURSION = YES;
				CLANG_WARN_INT_CONVERSION = YES;
				CLANG_WARN_NON_LITERAL_NULL_CONVERSION = YES;
				CLANG_WARN_OBJC_IMPLICIT_RETAIN_SELF = YES;
				CLANG_WARN_OBJC_LITERAL_CONVERSION = YES;
				CLANG_WARN_OBJC_ROOT_CLASS = YES_ERROR;
				CLANG_WARN_RANGE_LOOP_ANALYSIS = YES;
				CLANG_WARN_STRICT_PROTOTYPES = YES;
				CLANG_WARN_SUSPICIOUS_MOVE = YES;
				CLANG_WARN_UNGUARDED_AVAILABILITY = YES_AGGRESSIVE;
				CLANG_WARN_UNREACHABLE_CODE = YES;
				CLANG_WARN__DUPLICATE_METHOD_MATCH = YES;
				COPY_PHASE_STRIP = NO;
				DEBUG_INFORMATION_FORMAT = dwarf;
				ENABLE_STRICT_OBJC_MSGSEND = YES;
				ENABLE_TESTABILITY = YES;
				GCC_C_LANGUAGE_STANDARD = gnu11;
				GCC_DYNAMIC_NO_PIC = NO;
				GCC_NO_COMMON_BLOCKS = YES;
				GCC_OPTIMIZATION_LEVEL = 0;
				GCC_PREPROCESSOR_DEFINITIONS = (
					"DEBUG=1",
					"$(inherited)",
				);
				GCC_WARN_64_TO_32_BIT_CONVERSION = YES;
				GCC_WARN_ABOUT_RETURN_TYPE = YES_ERROR;
				GCC_WARN_UNDECLARED_SELECTOR = YES;
				GCC_WARN_UNINITIALIZED_AUTOS = YES_AGGRESSIVE;
				GCC_WARN_UNUSED_FUNCTION = YES;
				GCC_WARN_UNUSED_VARIABLE = YES;
				IPHONEOS_DEPLOYMENT_TARGET = 13.2;
				MTL_ENABLE_DEBUG_INFO = INCLUDE_SOURCE;
				MTL_FAST_MATH = YES;
				ONLY_ACTIVE_ARCH = YES;
				SDKROOT = iphoneos;
				SWIFT_ACTIVE_COMPILATION_CONDITIONS = DEBUG;
				SWIFT_OPTIMIZATION_LEVEL = "-Onone";
			};
			name = Debug;
		};
		1B2D14D6239FC71700F2DF48 /* Release */ = {
			isa = XCBuildConfiguration;
			buildSettings = {
				ALWAYS_SEARCH_USER_PATHS = NO;
				CLANG_ANALYZER_NONNULL = YES;
				CLANG_ANALYZER_NUMBER_OBJECT_CONVERSION = YES_AGGRESSIVE;
				CLANG_CXX_LANGUAGE_STANDARD = "gnu++14";
				CLANG_CXX_LIBRARY = "libc++";
				CLANG_ENABLE_MODULES = YES;
				CLANG_ENABLE_OBJC_ARC = YES;
				CLANG_ENABLE_OBJC_WEAK = YES;
				CLANG_WARN_BLOCK_CAPTURE_AUTORELEASING = YES;
				CLANG_WARN_BOOL_CONVERSION = YES;
				CLANG_WARN_COMMA = YES;
				CLANG_WARN_CONSTANT_CONVERSION = YES;
				CLANG_WARN_DEPRECATED_OBJC_IMPLEMENTATIONS = YES;
				CLANG_WARN_DIRECT_OBJC_ISA_USAGE = YES_ERROR;
				CLANG_WARN_DOCUMENTATION_COMMENTS = YES;
				CLANG_WARN_EMPTY_BODY = YES;
				CLANG_WARN_ENUM_CONVERSION = YES;
				CLANG_WARN_INFINITE_RECURSION = YES;
				CLANG_WARN_INT_CONVERSION = YES;
				CLANG_WARN_NON_LITERAL_NULL_CONVERSION = YES;
				CLANG_WARN_OBJC_IMPLICIT_RETAIN_SELF = YES;
				CLANG_WARN_OBJC_LITERAL_CONVERSION = YES;
				CLANG_WARN_OBJC_ROOT_CLASS = YES_ERROR;
				CLANG_WARN_RANGE_LOOP_ANALYSIS = YES;
				CLANG_WARN_STRICT_PROTOTYPES = YES;
				CLANG_WARN_SUSPICIOUS_MOVE = YES;
				CLANG_WARN_UNGUARDED_AVAILABILITY = YES_AGGRESSIVE;
				CLANG_WARN_UNREACHABLE_CODE = YES;
				CLANG_WARN__DUPLICATE_METHOD_MATCH = YES;
				COPY_PHASE_STRIP = NO;
				DEBUG_INFORMATION_FORMAT = "dwarf-with-dsym";
				ENABLE_NS_ASSERTIONS = NO;
				ENABLE_STRICT_OBJC_MSGSEND = YES;
				GCC_C_LANGUAGE_STANDARD = gnu11;
				GCC_NO_COMMON_BLOCKS = YES;
				GCC_WARN_64_TO_32_BIT_CONVERSION = YES;
				GCC_WARN_ABOUT_RETURN_TYPE = YES_ERROR;
				GCC_WARN_UNDECLARED_SELECTOR = YES;
				GCC_WARN_UNINITIALIZED_AUTOS = YES_AGGRESSIVE;
				GCC_WARN_UNUSED_FUNCTION = YES;
				GCC_WARN_UNUSED_VARIABLE = YES;
				IPHONEOS_DEPLOYMENT_TARGET = 13.2;
				MTL_ENABLE_DEBUG_INFO = NO;
				MTL_FAST_MATH = YES;
				SDKROOT = iphoneos;
				SWIFT_COMPILATION_MODE = wholemodule;
				SWIFT_OPTIMIZATION_LEVEL = "-O";
				VALIDATE_PRODUCT = YES;
			};
			name = Release;
		};
		1B2D14D8239FC71700F2DF48 /* Debug */ = {
			isa = XCBuildConfiguration;
			baseConfigurationReference = 79A20A04119CE452D142E575 /* Pods-com.elbeily.protocol.debug.xcconfig */;
			buildSettings = {
				ASSETCATALOG_COMPILER_APPICON_NAME = AppIcon;
				CODE_SIGN_STYLE = Automatic;
				CURRENT_PROJECT_VERSION = 6;
				DEVELOPMENT_TEAM = VH5WZ3VU73;
				INFOPLIST_FILE = com.elbeily.protocol/Info.plist;
				IPHONEOS_DEPLOYMENT_TARGET = 13.0;
				LD_RUNPATH_SEARCH_PATHS = (
					"$(inherited)",
					"@executable_path/Frameworks",
				);
				PRODUCT_BUNDLE_IDENTIFIER = com.elbeily.protocol;
				PRODUCT_NAME = "Protokoll Ersteller";
				SWIFT_VERSION = 5.0;
				TARGETED_DEVICE_FAMILY = "1,2";
			};
			name = Debug;
		};
		1B2D14D9239FC71700F2DF48 /* Release */ = {
			isa = XCBuildConfiguration;
			baseConfigurationReference = 43ED4932904815A88A968015 /* Pods-com.elbeily.protocol.release.xcconfig */;
			buildSettings = {
				ASSETCATALOG_COMPILER_APPICON_NAME = AppIcon;
				CODE_SIGN_STYLE = Automatic;
				CURRENT_PROJECT_VERSION = 6;
				DEVELOPMENT_TEAM = VH5WZ3VU73;
				INFOPLIST_FILE = com.elbeily.protocol/Info.plist;
				IPHONEOS_DEPLOYMENT_TARGET = 13.0;
				LD_RUNPATH_SEARCH_PATHS = (
					"$(inherited)",
					"@executable_path/Frameworks",
				);
				PRODUCT_BUNDLE_IDENTIFIER = com.elbeily.protocol;
				PRODUCT_NAME = "Protokoll Ersteller";
				SWIFT_VERSION = 5.0;
				TARGETED_DEVICE_FAMILY = "1,2";
			};
			name = Release;
		};
/* End XCBuildConfiguration section */

/* Begin XCConfigurationList section */
		1B2D14BE239FC71600F2DF48 /* Build configuration list for PBXProject "com.elbeily.protocol" */ = {
			isa = XCConfigurationList;
			buildConfigurations = (
				1B2D14D5239FC71700F2DF48 /* Debug */,
				1B2D14D6239FC71700F2DF48 /* Release */,
			);
			defaultConfigurationIsVisible = 0;
			defaultConfigurationName = Release;
		};
		1B2D14D7239FC71700F2DF48 /* Build configuration list for PBXNativeTarget "com.elbeily.protocol" */ = {
			isa = XCConfigurationList;
			buildConfigurations = (
				1B2D14D8239FC71700F2DF48 /* Debug */,
				1B2D14D9239FC71700F2DF48 /* Release */,
			);
			defaultConfigurationIsVisible = 0;
			defaultConfigurationName = Release;
		};
/* End XCConfigurationList section */
	};
	rootObject = 1B2D14BB239FC71600F2DF48 /* Project object */;
}
